
Microsoft Visual Studio Solution File, Format Version 12.00
# Visual Studio Version 16
VisualStudioVersion = 16.0.30320.27
MinimumVisualStudioVersion = 10.0.40219.1
Project("{9A19103F-16F7-4668-BE54-9A1E7A4F7556}") = "Csp.Net.Http.Protobuf.Extensions", "Csp.Net.Http.Protobuf.Extensions\Csp.Net.Http.Protobuf.Extensions.csproj", "{009B0D95-5312-414B-93FA-6C6F6097EB97}"
EndProject
Project("{9A19103F-16F7-4668-BE54-9A1E7A4F7556}") = "Csp.AspNetCore.Mvc.Protobuf", "Csp.AspNetCore.Mvc.Protobuf\Csp.AspNetCore.Mvc.Protobuf.csproj", "{C0E31D18-3B6C-4DB7-9D09-9E0E1500D484}"
EndProject
Project("{9A19103F-16F7-4668-BE54-9A1E7A4F7556}") = "Csp.Http.Protobuf.Tests", "Csp.Http.Protobuf.Tests\Csp.Http.Protobuf.Tests.csproj", "{E58104A2-249C-4474-8B22-8C320851EEE9}"
EndProject
Project("{9A19103F-16F7-4668-BE54-9A1E7A4F7556}") = "Csp.Http.Protobuf.Tests.Api", "Csp.Http.Protobuf.Tests.Api\Csp.Http.Protobuf.Tests.Api.csproj", "{548DADFE-8C8E-4910-8684-91BB2362E77F}"
EndProject
Project("{2150E333-8FDC-42A3-9474-1A3956D46DE8}") = "Tests", "Tests", "{2542CC41-94A6-4967-9CF6-5EC1B6FF2897}"
EndProject
Global
	GlobalSection(SolutionConfigurationPlatforms) = preSolution
		Debug|Any CPU = Debug|Any CPU
		Release|Any CPU = Release|Any CPU
	EndGlobalSection
	GlobalSection(ProjectConfigurationPlatforms) = postSolution
		{009B0D95-5312-414B-93FA-6C6F6097EB97}.Debug|Any CPU.ActiveCfg = Debug|Any CPU
		{009B0D95-5312-414B-93FA-6C6F6097EB97}.Debug|Any CPU.Build.0 = Debug|Any CPU
		{009B0D95-5312-414B-93FA-6C6F6097EB97}.Release|Any CPU.ActiveCfg = Release|Any CPU
		{009B0D95-5312-414B-93FA-6C6F6097EB97}.Release|Any CPU.Build.0 = Release|Any CPU
		{C0E31D18-3B6C-4DB7-9D09-9E0E1500D484}.Debug|Any CPU.ActiveCfg = Debug|Any CPU
		{C0E31D18-3B6C-4DB7-9D09-9E0E1500D484}.Debug|Any CPU.Build.0 = Debug|Any CPU
		{C0E31D18-3B6C-4DB7-9D09-9E0E1500D484}.Release|Any CPU.ActiveCfg = Release|Any CPU
		{C0E31D18-3B6C-4DB7-9D09-9E0E1500D484}.Release|Any CPU.Build.0 = Release|Any CPU
		{E58104A2-249C-4474-8B22-8C320851EEE9}.Debug|Any CPU.ActiveCfg = Debug|Any CPU
		{E58104A2-249C-4474-8B22-8C320851EEE9}.Debug|Any CPU.Build.0 = Debug|Any CPU
		{E58104A2-249C-4474-8B22-8C320851EEE9}.Release|Any CPU.ActiveCfg = Release|Any CPU
		{E58104A2-249C-4474-8B22-8C320851EEE9}.Release|Any CPU.Build.0 = Release|Any CPU
		{548DADFE-8C8E-4910-8684-91BB2362E77F}.Debug|Any CPU.ActiveCfg = Debug|Any CPU
		{548DADFE-8C8E-4910-8684-91BB2362E77F}.Debug|Any CPU.Build.0 = Debug|Any CPU
		{548DADFE-8C8E-4910-8684-91BB2362E77F}.Release|Any CPU.ActiveCfg = Release|Any CPU
		{548DADFE-8C8E-4910-8684-91BB2362E77F}.Release|Any CPU.Build.0 = Release|Any CPU
	EndGlobalSection
	GlobalSection(SolutionProperties) = preSolution
		HideSolutionNode = FALSE
	EndGlobalSection
	GlobalSection(NestedProjects) = preSolution
		{E58104A2-249C-4474-8B22-8C320851EEE9} = {2542CC41-94A6-4967-9CF6-5EC1B6FF2897}
		{548DADFE-8C8E-4910-8684-91BB2362E77F} = {2542CC41-94A6-4967-9CF6-5EC1B6FF2897}
	EndGlobalSection
	GlobalSection(ExtensibilityGlobals) = postSolution
		SolutionGuid = {535585E3-6640-4561-90F6-052E05634333}
	EndGlobalSection
EndGlobal
